{
  "lockfile_version": "1",
  "packages": {
    "github:NixOS/nixpkgs/nixpkgs-unstable": {
      "last_modified": "2025-07-28T17:09:23Z",
      "resolved": "github:NixOS/nixpkgs/648f70160c03151bc2121d179291337ad6bc564b?lastModified=1753722563&narHash=sha256-FK8iq76wlacriq3u0kFCehsRYTAqjA9nfprpiSWRWIc%3D"
    },
    "go-task@3.44": {
      "last_modified": "2025-07-13T22:45:35Z",
      "resolved": "github:NixOS/nixpkgs/a421ac6595024edcfbb1ef950a3712b89161c359#go-task",
      "source": "devbox-search",
      "version": "3.44.0",
      "systems": {
        "aarch64-darwin": {
          "outputs": [
            {
              "name": "out",
              "path": "/nix/store/xf4c3z2n3g8j41bh9s0l2pjv4fahdmab-go-task-3.44.0",
              "default": true
            }
          ],
          "store_path": "/nix/store/xf4c3z2n3g8j41bh9s0l2pjv4fahdmab-go-task-3.44.0"
        },
        "aarch64-linux": {
          "outputs": [
            {
              "name": "out",
              "path": "/nix/store/hziv622f7xw9swigq3ylw1lj49dgr4d2-go-task-3.44.0",
              "default": true
            }
          ],
          "store_path": "/nix/store/hziv622f7xw9swigq3ylw1lj49dgr4d2-go-task-3.44.0"
        },
        "x86_64-darwin": {
          "outputs": [
            {
              "name": "out",
              "path": "/nix/store/aafqxhbxvy73v1gpwnnc8bs5icm6nlcg-go-task-3.44.0",
              "default": true
            }
          ],
          "store_path": "/nix/store/aafqxhbxvy73v1gpwnnc8bs5icm6nlcg-go-task-3.44.0"
        },
        "x86_64-linux": {
          "outputs": [
            {
              "name": "out",
              "path": "/nix/store/yvpnz39r66qr57m41c3dfyc3b7mi8y9i-go-task-3.44.0",
              "default": true
            }
          ],
          "store_path": "/nix/store/yvpnz39r66qr57m41c3dfyc3b7mi8y9i-go-task-3.44.0"
        }
      }
    },
    "poetry@2.1": {
      "last_modified": "2025-07-17T10:11:59Z",
      "plugin_version": "0.0.4",
      "resolved": "github:NixOS/nixpkgs/fa0ef8a6bb1651aa26c939aeb51b5f499e86b0ec#poetry",
      "source": "devbox-search",
      "version": "2.1.3",
      "systems": {
        "aarch64-darwin": {
          "outputs": [
            {
              "name": "out",
              "path": "/nix/store/pnp8sxd8nhnkms5k8shy02ylvb06prjn-python3.13-poetry-2.1.3",
              "default": true
            },
            {
              "name": "dist",
              "path": "/nix/store/xac5q3c552fh7hw7h3hrw73yqvc8vr8g-python3.13-poetry-2.1.3-dist"
            }
          ],
          "store_path": "/nix/store/pnp8sxd8nhnkms5k8shy02ylvb06prjn-python3.13-poetry-2.1.3"
        },
        "aarch64-linux": {
          "outputs": [
            {
              "name": "out",
              "path": "/nix/store/djkvbgm4x8dxicmdin3lifvlxpnvlmn7-python3.13-poetry-2.1.3",
              "default": true
            },
            {
              "name": "dist",
              "path": "/nix/store/c8siygc9s572lpz1ys7wv20bkzi1rnqb-python3.13-poetry-2.1.3-dist"
            }
          ],
          "store_path": "/nix/store/djkvbgm4x8dxicmdin3lifvlxpnvlmn7-python3.13-poetry-2.1.3"
        },
        "x86_64-darwin": {
          "outputs": [
            {
              "name": "out",
              "path": "/nix/store/3dn5r4j8xsnxnb3vjs6gfsclp6sia4f3-python3.13-poetry-2.1.3",
              "default": true
            },
            {
              "name": "dist",
              "path": "/nix/store/pimv85ra7l7sv1f52w0d4km6i7sgax03-python3.13-poetry-2.1.3-dist"
            }
          ],
          "store_path": "/nix/store/3dn5r4j8xsnxnb3vjs6gfsclp6sia4f3-python3.13-poetry-2.1.3"
        },
        "x86_64-linux": {
          "outputs": [
            {
              "name": "out",
              "path": "/nix/store/f20v6y7pndsvj6bqpck98kbr3ajj0wjc-python3.13-poetry-2.1.3",
              "default": true
            },
            {
              "name": "dist",
              "path": "/nix/store/52rdwhvvxg0gav6d6hl64mmip5lqrh5d-python3.13-poetry-2.1.3-dist"
            }
          ],
          "store_path": "/nix/store/f20v6y7pndsvj6bqpck98kbr3ajj0wjc-python3.13-poetry-2.1.3"
        }
      }
    },
    "python@3.13": {
      "last_modified": "2025-05-16T20:19:48Z",
      "plugin_version": "0.0.4",
      "resolved": "github:NixOS/nixpkgs/12a55407652e04dcf2309436eb06fef0d3713ef3#python313",
      "source": "devbox-search",
      "version": "3.13.3",
      "systems": {
        "aarch64-darwin": {
          "outputs": [
            {
              "name": "out",
              "path": "/nix/store/1a8xg8l3m67hxinxzzcsak9736qm9vsf-python3-3.13.3",
              "default": true
            }
          ],
          "store_path": "/nix/store/1a8xg8l3m67hxinxzzcsak9736qm9vsf-python3-3.13.3"
        },
        "aarch64-linux": {
          "outputs": [
            {
              "name": "out",
              "path": "/nix/store/yy0xvc2rydhrs0h1v8d7r3sql347xzz5-python3-3.13.3",
              "default": true
            },
            {
              "name": "debug",
              "path": "/nix/store/42bxfqfrh8cwspl7szr0cw8739xv8qlq-python3-3.13.3-debug"
            }
          ],
          "store_path": "/nix/store/yy0xvc2rydhrs0h1v8d7r3sql347xzz5-python3-3.13.3"
        },
        "x86_64-darwin": {
          "outputs": [
            {
              "name": "out",
              "path": "/nix/store/gbrigjhghz9v2p0zf9b2fnvs0g0yx7q4-python3-3.13.3",
              "default": true
            }
          ],
          "store_path": "/nix/store/gbrigjhghz9v2p0zf9b2fnvs0g0yx7q4-python3-3.13.3"
        },
        "x86_64-linux": {
          "outputs": [
            {
              "name": "out",
              "path": "/nix/store/2mab9iiwhcqwk75qwvp3zv0bvbiaq6cs-python3-3.13.3",
              "default": true
            },
            {
              "name": "debug",
              "path": "/nix/store/9z6k8ijl2md0y2n95yprbjj4vxbfsi15-python3-3.13.3-debug"
            }
          ],
          "store_path": "/nix/store/2mab9iiwhcqwk75qwvp3zv0bvbiaq6cs-python3-3.13.3"
        }
      }
    }
  }
}
